
Microsoft Visual Studio Solution File, Format Version 12.00
# Visual Studio Version 17
VisualStudioVersion = 17.14.36518.9
MinimumVisualStudioVersion = 10.0.40219.1
Project("{FAE04EC0-301F-11D3-BF4B-00C04F79EFBC}") = "Server", "Server\Server.csproj", "{36F8C7A8-F7EF-43FC-8CE8-37C9FEB6C856}"
EndProject
Project("{FAE04EC0-301F-11D3-BF4B-00C04F79EFBC}") = "Client", "Client\Client.csproj", "{546CF229-D325-4D0F-8895-58D1DD3F7093}"
EndProject
Project("{FAE04EC0-301F-11D3-BF4B-00C04F79EFBC}") = "Shared", "Shared\Shared.csproj", "{98AD97E3-1E2C-49AB-8730-42C2C24BA3C2}"
EndProject
Global
	GlobalSection(SolutionConfigurationPlatforms) = preSolution
		Debug|Any CPU = Debug|Any CPU
		Release|Any CPU = Release|Any CPU
	EndGlobalSection
	GlobalSection(ProjectConfigurationPlatforms) = postSolution
		{36F8C7A8-F7EF-43FC-8CE8-37C9FEB6C856}.Debug|Any CPU.ActiveCfg = Debug|Any CPU
		{36F8C7A8-F7EF-43FC-8CE8-37C9FEB6C856}.Debug|Any CPU.Build.0 = Debug|Any CPU
		{36F8C7A8-F7EF-43FC-8CE8-37C9FEB6C856}.Release|Any CPU.ActiveCfg = Release|Any CPU
		{36F8C7A8-F7EF-43FC-8CE8-37C9FEB6C856}.Release|Any CPU.Build.0 = Release|Any CPU
		{546CF229-D325-4D0F-8895-58D1DD3F7093}.Debug|Any CPU.ActiveCfg = Debug|Any CPU
		{546CF229-D325-4D0F-8895-58D1DD3F7093}.Debug|Any CPU.Build.0 = Debug|Any CPU
		{546CF229-D325-4D0F-8895-58D1DD3F7093}.Release|Any CPU.ActiveCfg = Release|Any CPU
		{546CF229-D325-4D0F-8895-58D1DD3F7093}.Release|Any CPU.Build.0 = Release|Any CPU
		{98AD97E3-1E2C-49AB-8730-42C2C24BA3C2}.Debug|Any CPU.ActiveCfg = Debug|Any CPU
		{98AD97E3-1E2C-49AB-8730-42C2C24BA3C2}.Debug|Any CPU.Build.0 = Debug|Any CPU
		{98AD97E3-1E2C-49AB-8730-42C2C24BA3C2}.Release|Any CPU.ActiveCfg = Release|Any CPU
		{98AD97E3-1E2C-49AB-8730-42C2C24BA3C2}.Release|Any CPU.Build.0 = Release|Any CPU
	EndGlobalSection
	GlobalSection(SolutionProperties) = preSolution
		HideSolutionNode = FALSE
	EndGlobalSection
	GlobalSection(ExtensibilityGlobals) = postSolution
		SolutionGuid = {87E91D0E-CF86-459F-9CB7-181F002C3694}
	EndGlobalSection
EndGlobal
