
Microsoft Visual Studio Solution File, Format Version 12.00
# Visual Studio Version 17
VisualStudioVersion = 17.14.36518.9 d17.14
MinimumVisualStudioVersion = 10.0.40219.1
Project("{FAE04EC0-301F-11D3-BF4B-00C04F79EFBC}") = "TestingJWT", "TestingJWT\TestingJWT.csproj", "{5109A556-9063-4150-9324-E87CF0CE6484}"
EndProject
Global
	GlobalSection(SolutionConfigurationPlatforms) = preSolution
		Debug|Any CPU = Debug|Any CPU
		Release|Any CPU = Release|Any CPU
	EndGlobalSection
	GlobalSection(ProjectConfigurationPlatforms) = postSolution
		{5109A556-9063-4150-9324-E87CF0CE6484}.Debug|Any CPU.ActiveCfg = Debug|Any CPU
		{5109A556-9063-4150-9324-E87CF0CE6484}.Debug|Any CPU.Build.0 = Debug|Any CPU
		{5109A556-9063-4150-9324-E87CF0CE6484}.Release|Any CPU.ActiveCfg = Release|Any CPU
		{5109A556-9063-4150-9324-E87CF0CE6484}.Release|Any CPU.Build.0 = Release|Any CPU
	EndGlobalSection
	GlobalSection(SolutionProperties) = preSolution
		HideSolutionNode = FALSE
	EndGlobalSection
	GlobalSection(ExtensibilityGlobals) = postSolution
		SolutionGuid = {DF6F36DE-3EF5-43D4-9AAE-F6FAE653712D}
	EndGlobalSection
EndGlobal
